
Microsoft Visual Studio Solution File, Format Version 12.00
# Visual Studio 15
VisualStudioVersion = 15.0.27428.2037
MinimumVisualStudioVersion = 10.0.40219.1
Project("{8BC9CEB8-8B4A-11D0-8D11-00A0C91BC942}") = "GL5 (35 ~ 40)", "GL5 (35 ~ 40)\GL5 (35 ~ 40).vcxproj", "{1180A2F8-BEDD-4527-9CF0-47ED1BF0B2EF}"
EndProject
Global
	GlobalSection(SolutionConfigurationPlatforms) = preSolution
		Debug|x64 = Debug|x64
		Debug|x86 = Debug|x86
		Release|x64 = Release|x64
		Release|x86 = Release|x86
	EndGlobalSection
	GlobalSection(ProjectConfigurationPlatforms) = postSolution
		{1180A2F8-BEDD-4527-9CF0-47ED1BF0B2EF}.Debug|x64.ActiveCfg = Debug|x64
		{1180A2F8-BEDD-4527-9CF0-47ED1BF0B2EF}.Debug|x64.Build.0 = Debug|x64
		{1180A2F8-BEDD-4527-9CF0-47ED1BF0B2EF}.Debug|x86.ActiveCfg = Debug|Win32
		{1180A2F8-BEDD-4527-9CF0-47ED1BF0B2EF}.Debug|x86.Build.0 = Debug|Win32
		{1180A2F8-BEDD-4527-9CF0-47ED1BF0B2EF}.Release|x64.ActiveCfg = Release|x64
		{1180A2F8-BEDD-4527-9CF0-47ED1BF0B2EF}.Release|x64.Build.0 = Release|x64
		{1180A2F8-BEDD-4527-9CF0-47ED1BF0B2EF}.Release|x86.ActiveCfg = Release|Win32
		{1180A2F8-BEDD-4527-9CF0-47ED1BF0B2EF}.Release|x86.Build.0 = Release|Win32
	EndGlobalSection
	GlobalSection(SolutionProperties) = preSolution
		HideSolutionNode = FALSE
	EndGlobalSection
	GlobalSection(ExtensibilityGlobals) = postSolution
		SolutionGuid = {AE5C2E49-1B26-4441-B4AE-85EE8BE86F4F}
	EndGlobalSection
EndGlobal
