
Microsoft Visual Studio Solution File, Format Version 12.00
# Visual Studio 15
VisualStudioVersion = 15.0.27428.2037
MinimumVisualStudioVersion = 10.0.40219.1
Project("{8BC9CEB8-8B4A-11D0-8D11-00A0C91BC942}") = "예제문제", "예제문제\예제문제.vcxproj", "{87C691DE-8029-498D-BBD3-E9AE63C7A9AE}"
EndProject
Global
	GlobalSection(SolutionConfigurationPlatforms) = preSolution
		Debug|x64 = Debug|x64
		Debug|x86 = Debug|x86
		Release|x64 = Release|x64
		Release|x86 = Release|x86
	EndGlobalSection
	GlobalSection(ProjectConfigurationPlatforms) = postSolution
		{87C691DE-8029-498D-BBD3-E9AE63C7A9AE}.Debug|x64.ActiveCfg = Debug|x64
		{87C691DE-8029-498D-BBD3-E9AE63C7A9AE}.Debug|x64.Build.0 = Debug|x64
		{87C691DE-8029-498D-BBD3-E9AE63C7A9AE}.Debug|x86.ActiveCfg = Debug|Win32
		{87C691DE-8029-498D-BBD3-E9AE63C7A9AE}.Debug|x86.Build.0 = Debug|Win32
		{87C691DE-8029-498D-BBD3-E9AE63C7A9AE}.Release|x64.ActiveCfg = Release|x64
		{87C691DE-8029-498D-BBD3-E9AE63C7A9AE}.Release|x64.Build.0 = Release|x64
		{87C691DE-8029-498D-BBD3-E9AE63C7A9AE}.Release|x86.ActiveCfg = Release|Win32
		{87C691DE-8029-498D-BBD3-E9AE63C7A9AE}.Release|x86.Build.0 = Release|Win32
	EndGlobalSection
	GlobalSection(SolutionProperties) = preSolution
		HideSolutionNode = FALSE
	EndGlobalSection
	GlobalSection(ExtensibilityGlobals) = postSolution
		SolutionGuid = {088B6FE6-BA97-408C-8E7E-722F55E05913}
	EndGlobalSection
EndGlobal
