
Microsoft Visual Studio Solution File, Format Version 12.00
# Visual Studio 15
VisualStudioVersion = 15.0.28010.2046
MinimumVisualStudioVersion = 10.0.40219.1
Project("{8BC9CEB8-8B4A-11D0-8D11-00A0C91BC942}") = "컴그기말텀프", "컴그기말텀프\컴그기말텀프.vcxproj", "{0FCE707F-98A1-4F63-9004-08ED213455CB}"
EndProject
Global
	GlobalSection(SolutionConfigurationPlatforms) = preSolution
		Debug|x64 = Debug|x64
		Debug|x86 = Debug|x86
		Release|x64 = Release|x64
		Release|x86 = Release|x86
	EndGlobalSection
	GlobalSection(ProjectConfigurationPlatforms) = postSolution
		{0FCE707F-98A1-4F63-9004-08ED213455CB}.Debug|x64.ActiveCfg = Debug|x64
		{0FCE707F-98A1-4F63-9004-08ED213455CB}.Debug|x64.Build.0 = Debug|x64
		{0FCE707F-98A1-4F63-9004-08ED213455CB}.Debug|x86.ActiveCfg = Debug|Win32
		{0FCE707F-98A1-4F63-9004-08ED213455CB}.Debug|x86.Build.0 = Debug|Win32
		{0FCE707F-98A1-4F63-9004-08ED213455CB}.Release|x64.ActiveCfg = Release|x64
		{0FCE707F-98A1-4F63-9004-08ED213455CB}.Release|x64.Build.0 = Release|x64
		{0FCE707F-98A1-4F63-9004-08ED213455CB}.Release|x86.ActiveCfg = Release|Win32
		{0FCE707F-98A1-4F63-9004-08ED213455CB}.Release|x86.Build.0 = Release|Win32
	EndGlobalSection
	GlobalSection(SolutionProperties) = preSolution
		HideSolutionNode = FALSE
	EndGlobalSection
	GlobalSection(ExtensibilityGlobals) = postSolution
		SolutionGuid = {282ADF03-6DDD-47EC-B291-BDBF3BE26460}
	EndGlobalSection
EndGlobal
